// !$*UTF8*$!
{
	archiveVersion = 1;
	classes = {
	};
	objectVersion = 46;
	objects = {

/* Begin PBXBuildFile section */
		1519BB69198D59650006E366 /* Foundation.framework in Frameworks */ = {isa = PBXBuildFile; fileRef = 1519BB68198D59650006E366 /* Foundation.framework */; };
		1519BB6B198D59650006E366 /* CoreGraphics.framework in Frameworks */ = {isa = PBXBuildFile; fileRef = 1519BB6A198D59650006E366 /* CoreGraphics.framework */; };
		1519BB6D198D59650006E366 /* UIKit.framework in Frameworks */ = {isa = PBXBuildFile; fileRef = 1519BB6C198D59650006E366 /* UIKit.framework */; };
		1519BB73198D59650006E366 /* InfoPlist.strings in Resources */ = {isa = PBXBuildFile; fileRef = 1519BB71198D59650006E366 /* InfoPlist.strings */; };
		1519BB75198D59650006E366 /* main.m in Sources */ = {isa = PBXBuildFile; fileRef = 1519BB74198D59650006E366 /* main.m */; };
		1519BB79198D59650006E366 /* AppDelegate.m in Sources */ = {isa = PBXBuildFile; fileRef = 1519BB78198D59650006E366 /* AppDelegate.m */; };
		1519BB7B198D59650006E366 /* Images.xcassets in Resources */ = {isa = PBXBuildFile; fileRef = 1519BB7A198D59650006E366 /* Images.xcassets */; };
		1519BB82198D59650006E366 /* XCTest.framework in Frameworks */ = {isa = PBXBuildFile; fileRef = 1519BB81198D59650006E366 /* XCTest.framework */; };
		1519BB83198D59650006E366 /* Foundation.framework in Frameworks */ = {isa = PBXBuildFile; fileRef = 1519BB68198D59650006E366 /* Foundation.framework */; };
		1519BB84198D59650006E366 /* UIKit.framework in Frameworks */ = {isa = PBXBuildFile; fileRef = 1519BB6C198D59650006E366 /* UIKit.framework */; };
		1519BB8C198D59650006E366 /* InfoPlist.strings in Resources */ = {isa = PBXBuildFile; fileRef = 1519BB8A198D59650006E366 /* InfoPlist.strings */; };
		1519BB8E198D59650006E366 /* ToDoListTests.m in Sources */ = {isa = PBXBuildFile; fileRef = 1519BB8D198D59650006E366 /* ToDoListTests.m */; };
		1519BB98198DD26E0006E366 /* Main.storyboard in Resources */ = {isa = PBXBuildFile; fileRef = 1519BB97198DD26E0006E366 /* Main.storyboard */; };
/* End PBXBuildFile section */

/* Begin PBXContainerItemProxy section */
		1519BB85198D59650006E366 /* PBXContainerItemProxy */ = {
			isa = PBXContainerItemProxy;
			containerPortal = 1519BB5D198D59650006E366 /* Project object */;
			proxyType = 1;
			remoteGlobalIDString = 1519BB64198D59650006E366;
			remoteInfo = ToDoList;
		};
/* End PBXContainerItemProxy section */

/* Begin PBXFileReference section */
		1519BB65198D59650006E366 /* ToDoList.app */ = {isa = PBXFileReference; explicitFileType = wrapper.application; includeInIndex = 0; path = ToDoList.app; sourceTree = BUILT_PRODUCTS_DIR; };
		1519BB68198D59650006E366 /* Foundation.framework */ = {isa = PBXFileReference; lastKnownFileType = wrapper.framework; name = Foundation.framework; path = System/Library/Frameworks/Foundation.framework; sourceTree = SDKROOT; };
		1519BB6A198D59650006E366 /* CoreGraphics.framework */ = {isa = PBXFileReference; lastKnownFileType = wrapper.framework; name = CoreGraphics.framework; path = System/Library/Frameworks/CoreGraphics.framework; sourceTree = SDKROOT; };
		1519BB6C198D59650006E366 /* UIKit.framework */ = {isa = PBXFileReference; lastKnownFileType = wrapper.framework; name = UIKit.framework; path = System/Library/Frameworks/UIKit.framework; sourceTree = SDKROOT; };
		1519BB70198D59650006E366 /* ToDoList-Info.plist */ = {isa = PBXFileReference; lastKnownFileType = text.plist.xml; path = "ToDoList-Info.plist"; sourceTree = "<group>"; };
		1519BB72198D59650006E366 /* en */ = {isa = PBXFileReference; lastKnownFileType = text.plist.strings; name = en; path = en.lproj/InfoPlist.strings; sourceTree = "<group>"; };
		1519BB74198D59650006E366 /* main.m */ = {isa = PBXFileReference; lastKnownFileType = sourcecode.c.objc; path = main.m; sourceTree = "<group>"; };
		1519BB76198D59650006E366 /* ToDoList-Prefix.pch */ = {isa = PBXFileReference; lastKnownFileType = sourcecode.c.h; path = "ToDoList-Prefix.pch"; sourceTree = "<group>"; };
		1519BB77198D59650006E366 /* AppDelegate.h */ = {isa = PBXFileReference; lastKnownFileType = sourcecode.c.h; path = AppDelegate.h; sourceTree = "<group>"; };
		1519BB78198D59650006E366 /* AppDelegate.m */ = {isa = PBXFileReference; lastKnownFileType = sourcecode.c.objc; path = AppDelegate.m; sourceTree = "<group>"; };
		1519BB7A198D59650006E366 /* Images.xcassets */ = {isa = PBXFileReference; lastKnownFileType = folder.assetcatalog; path = Images.xcassets; sourceTree = "<group>"; };
		1519BB80198D59650006E366 /* ToDoListTests.xctest */ = {isa = PBXFileReference; explicitFileType = wrapper.cfbundle; includeInIndex = 0; path = ToDoListTests.xctest; sourceTree = BUILT_PRODUCTS_DIR; };
		1519BB81198D59650006E366 /* XCTest.framework */ = {isa = PBXFileReference; lastKnownFileType = wrapper.framework; name = XCTest.framework; path = Library/Frameworks/XCTest.framework; sourceTree = DEVELOPER_DIR; };
		1519BB89198D59650006E366 /* ToDoListTests-Info.plist */ = {isa = PBXFileReference; lastKnownFileType = text.plist.xml; path = "ToDoListTests-Info.plist"; sourceTree = "<group>"; };
		1519BB8B198D59650006E366 /* en */ = {isa = PBXFileReference; lastKnownFileType = text.plist.strings; name = en; path = en.lproj/InfoPlist.strings; sourceTree = "<group>"; };
		1519BB8D198D59650006E366 /* ToDoListTests.m */ = {isa = PBXFileReference; lastKnownFileType = sourcecode.c.objc; path = ToDoListTests.m; sourceTree = "<group>"; };
		1519BB97198DD26E0006E366 /* Main.storyboard */ = {isa = PBXFileReference; fileEncoding = 4; lastKnownFileType = file.storyboard; path = Main.storyboard; sourceTree = "<group>"; };
/* End PBXFileReference section */

/* Begin PBXFrameworksBuildPhase section */
		1519BB62198D59650006E366 /* Frameworks */ = {
			isa = PBXFrameworksBuildPhase;
			buildActionMask = 2147483647;
			files = (
				1519BB6B198D59650006E366 /* CoreGraphics.framework in Frameworks */,
				1519BB6D198D59650006E366 /* UIKit.framework in Frameworks */,
				1519BB69198D59650006E366 /* Foundation.framework in Frameworks */,
			);
			runOnlyForDeploymentPostprocessing = 0;
		};
		1519BB7D198D59650006E366 /* Frameworks */ = {
			isa = PBXFrameworksBuildPhase;
			buildActionMask = 2147483647;
			files = (
				1519BB82198D59650006E366 /* XCTest.framework in Frameworks */,
				1519BB84198D59650006E366 /* UIKit.framework in Frameworks */,
				1519BB83198D59650006E366 /* Foundation.framework in Frameworks */,
			);
			runOnlyForDeploymentPostprocessing = 0;
		};
/* End PBXFrameworksBuildPhase section */

/* Begin PBXGroup section */
		1519BB5C198D59650006E366 = {
			isa = PBXGroup;
			children = (
				1519BB6E198D59650006E366 /* ToDoList */,
				1519BB87198D59650006E366 /* ToDoListTests */,
				1519BB67198D59650006E366 /* Frameworks */,
				1519BB66198D59650006E366 /* Products */,
			);
			sourceTree = "<group>";
		};
		1519BB66198D59650006E366 /* Products */ = {
			isa = PBXGroup;
			children = (
				1519BB65198D59650006E366 /* ToDoList.app */,
				1519BB80198D59650006E366 /* ToDoListTests.xctest */,
			);
			name = Products;
			sourceTree = "<group>";
		};
		1519BB67198D59650006E366 /* Frameworks */ = {
			isa = PBXGroup;
			children = (
				1519BB68198D59650006E366 /* Foundation.framework */,
				1519BB6A198D59650006E366 /* CoreGraphics.framework */,
				1519BB6C198D59650006E366 /* UIKit.framework */,
				1519BB81198D59650006E366 /* XCTest.framework */,
			);
			name = Frameworks;
			sourceTree = "<group>";
		};
		1519BB6E198D59650006E366 /* ToDoList */ = {
			isa = PBXGroup;
			children = (
				1519BB77198D59650006E366 /* AppDelegate.h */,
				1519BB78198D59650006E366 /* AppDelegate.m */,
				1519BB97198DD26E0006E366 /* Main.storyboard */,
				1519BB7A198D59650006E366 /* Images.xcassets */,
				1519BB6F198D59650006E366 /* Supporting Files */,
			);
			path = ToDoList;
			sourceTree = "<group>";
		};
		1519BB6F198D59650006E366 /* Supporting Files */ = {
			isa = PBXGroup;
			children = (
				1519BB70198D59650006E366 /* ToDoList-Info.plist */,
				1519BB71198D59650006E366 /* InfoPlist.strings */,
				1519BB74198D59650006E366 /* main.m */,
				1519BB76198D59650006E366 /* ToDoList-Prefix.pch */,
			);
			name = "Supporting Files";
			sourceTree = "<group>";
		};
		1519BB87198D59650006E366 /* ToDoListTests */ = {
			isa = PBXGroup;
			children = (
				1519BB8D198D59650006E366 /* ToDoListTests.m */,
				1519BB88198D59650006E366 /* Supporting Files */,
			);
			path = ToDoListTests;
			sourceTree = "<group>";
		};
		1519BB88198D59650006E366 /* Supporting Files */ = {
			isa = PBXGroup;
			children = (
				1519BB89198D59650006E366 /* ToDoListTests-Info.plist */,
				1519BB8A198D59650006E366 /* InfoPlist.strings */,
			);
			name = "Supporting Files";
			sourceTree = "<group>";
		};
/* End PBXGroup section */

/* Begin PBXNativeTarget section */
		1519BB64198D59650006E366 /* ToDoList */ = {
			isa = PBXNativeTarget;
			buildConfigurationList = 1519BB91198D59650006E366 /* Build configuration list for PBXNativeTarget "ToDoList" */;
			buildPhases = (
				1519BB61198D59650006E366 /* Sources */,
				1519BB62198D59650006E366 /* Frameworks */,
				1519BB63198D59650006E366 /* Resources */,
			);
			buildRules = (
			);
			dependencies = (
			);
			name = ToDoList;
			productName = ToDoList;
			productReference = 1519BB65198D59650006E366 /* ToDoList.app */;
			productType = "com.apple.product-type.application";
		};
		1519BB7F198D59650006E366 /* ToDoListTests */ = {
			isa = PBXNativeTarget;
			buildConfigurationList = 1519BB94198D59650006E366 /* Build configuration list for PBXNativeTarget "ToDoListTests" */;
			buildPhases = (
				1519BB7C198D59650006E366 /* Sources */,
				1519BB7D198D59650006E366 /* Frameworks */,
				1519BB7E198D59650006E366 /* Resources */,
			);
			buildRules = (
			);
			dependencies = (
				1519BB86198D59650006E366 /* PBXTargetDependency */,
			);
			name = ToDoListTests;
			productName = ToDoListTests;
			productReference = 1519BB80198D59650006E366 /* ToDoListTests.xctest */;
			productType = "com.apple.product-type.bundle.unit-test";
		};
/* End PBXNativeTarget section */

/* Begin PBXProject section */
		1519BB5D198D59650006E366 /* Project object */ = {
			isa = PBXProject;
			attributes = {
				LastUpgradeCheck = 0510;
				TargetAttributes = {
					1519BB64198D59650006E366 = {
						DevelopmentTeam = GEEM4BQ58H;
					};
					1519BB7F198D59650006E366 = {
						TestTargetID = 1519BB64198D59650006E366;
					};
				};
			};
			buildConfigurationList = 1519BB60198D59650006E366 /* Build configuration list for PBXProject "ToDoList" */;
			compatibilityVersion = "Xcode 3.2";
			developmentRegion = English;
			hasScannedForEncodings = 0;
			knownRegions = (
				en,
			);
			mainGroup = 1519BB5C198D59650006E366;
			productRefGroup = 1519BB66198D59650006E366 /* Products */;
			projectDirPath = "";
			projectRoot = "";
			targets = (
				1519BB64198D59650006E366 /* ToDoList */,
				1519BB7F198D59650006E366 /* ToDoListTests */,
			);
		};
/* End PBXProject section */

/* Begin PBXResourcesBuildPhase section */
		1519BB63198D59650006E366 /* Resources */ = {
			isa = PBXResourcesBuildPhase;
			buildActionMask = 2147483647;
			files = (
				1519BB98198DD26E0006E366 /* Main.storyboard in Resources */,
				1519BB73198D59650006E366 /* InfoPlist.strings in Resources */,
				1519BB7B198D59650006E366 /* Images.xcassets in Resources */,
			);
			runOnlyForDeploymentPostprocessing = 0;
		};
		1519BB7E198D59650006E366 /* Resources */ = {
			isa = PBXResourcesBuildPhase;
			buildActionMask = 2147483647;
			files = (
				1519BB8C198D59650006E366 /* InfoPlist.strings in Resources */,
			);
			runOnlyForDeploymentPostprocessing = 0;
		};
/* End PBXResourcesBuildPhase section */

/* Begin PBXSourcesBuildPhase section */
		1519BB61198D59650006E366 /* Sources */ = {
			isa = PBXSourcesBuildPhase;
			buildActionMask = 2147483647;
			files = (
				1519BB79198D59650006E366 /* AppDelegate.m in Sources */,
				1519BB75198D59650006E366 /* main.m in Sources */,
			);
			runOnlyForDeploymentPostprocessing = 0;
		};
		1519BB7C198D59650006E366 /* Sources */ = {
			isa = PBXSourcesBuildPhase;
			buildActionMask = 2147483647;
			files = (
				1519BB8E198D59650006E366 /* ToDoListTests.m in Sources */,
			);
			runOnlyForDeploymentPostprocessing = 0;
		};
/* End PBXSourcesBuildPhase section */

/* Begin PBXTargetDependency section */
		1519BB86198D59650006E366 /* PBXTargetDependency */ = {
			isa = PBXTargetDependency;
			target = 1519BB64198D59650006E366 /* ToDoList */;
			targetProxy = 1519BB85198D59650006E366 /* PBXContainerItemProxy */;
		};
/* End PBXTargetDependency section */

/* Begin PBXVariantGroup section */
		1519BB71198D59650006E366 /* InfoPlist.strings */ = {
			isa = PBXVariantGroup;
			children = (
				1519BB72198D59650006E366 /* en */,
			);
			name = InfoPlist.strings;
			sourceTree = "<group>";
		};
		1519BB8A198D59650006E366 /* InfoPlist.strings */ = {
			isa = PBXVariantGroup;
			children = (
				1519BB8B198D59650006E366 /* en */,
			);
			name = InfoPlist.strings;
			sourceTree = "<group>";
		};
/* End PBXVariantGroup section */

/* Begin XCBuildConfiguration section */
		1519BB8F198D59650006E366 /* Debug */ = {
			isa = XCBuildConfiguration;
			buildSettings = {
				ALWAYS_SEARCH_USER_PATHS = NO;
				CLANG_CXX_LANGUAGE_STANDARD = "gnu++0x";
				CLANG_CXX_LIBRARY = "libc++";
				CLANG_ENABLE_MODULES = YES;
				CLANG_ENABLE_OBJC_ARC = YES;
				CLANG_WARN_BOOL_CONVERSION = YES;
				CLANG_WARN_CONSTANT_CONVERSION = YES;
				CLANG_WARN_DIRECT_OBJC_ISA_USAGE = YES_ERROR;
				CLANG_WARN_EMPTY_BODY = YES;
				CLANG_WARN_ENUM_CONVERSION = YES;
				CLANG_WARN_INT_CONVERSION = YES;
				CLANG_WARN_OBJC_ROOT_CLASS = YES_ERROR;
				CLANG_WARN__DUPLICATE_METHOD_MATCH = YES;
				"CODE_SIGN_IDENTITY[sdk=iphoneos*]" = "iPhone Developer";
				COPY_PHASE_STRIP = NO;
				GCC_C_LANGUAGE_STANDARD = gnu99;
				GCC_DYNAMIC_NO_PIC = NO;
				GCC_OPTIMIZATION_LEVEL = 0;
				GCC_PREPROCESSOR_DEFINITIONS = (
					"DEBUG=1",
					"$(inherited)",
				);
				GCC_SYMBOLS_PRIVATE_EXTERN = NO;
				GCC_WARN_64_TO_32_BIT_CONVERSION = YES;
				GCC_WARN_ABOUT_RETURN_TYPE = YES_ERROR;
				GCC_WARN_UNDECLARED_SELECTOR = YES;
				GCC_WARN_UNINITIALIZED_AUTOS = YES_AGGRESSIVE;
				GCC_WARN_UNUSED_FUNCTION = YES;
				GCC_WARN_UNUSED_VARIABLE = YES;
				IPHONEOS_DEPLOYMENT_TARGET = 7.1;
				ONLY_ACTIVE_ARCH = YES;
				SDKROOT = iphoneos;
			};
			name = Debug;
		};
		1519BB90198D59650006E366 /* Release */ = {
			isa = XCBuildConfiguration;
			buildSettings = {
				ALWAYS_SEARCH_USER_PATHS = NO;
				CLANG_CXX_LANGUAGE_STANDARD = "gnu++0x";
				CLANG_CXX_LIBRARY = "libc++";
				CLANG_ENABLE_MODULES = YES;
				CLANG_ENABLE_OBJC_ARC = YES;
				CLANG_WARN_BOOL_CONVERSION = YES;
				CLANG_WARN_CONSTANT_CONVERSION = YES;
				CLANG_WARN_DIRECT_OBJC_ISA_USAGE = YES_ERROR;
				CLANG_WARN_EMPTY_BODY = YES;
				CLANG_WARN_ENUM_CONVERSION = YES;
				CLANG_WARN_INT_CONVERSION = YES;
				CLANG_WARN_OBJC_ROOT_CLASS = YES_ERROR;
				CLANG_WARN__DUPLICATE_METHOD_MATCH = YES;
				"CODE_SIGN_IDENTITY[sdk=iphoneos*]" = "iPhone Developer";
				COPY_PHASE_STRIP = YES;
				ENABLE_NS_ASSERTIONS = NO;
				GCC_C_LANGUAGE_STANDARD = gnu99;
				GCC_WARN_64_TO_32_BIT_CONVERSION = YES;
				GCC_WARN_ABOUT_RETURN_TYPE = YES_ERROR;
				GCC_WARN_UNDECLARED_SELECTOR = YES;
				GCC_WARN_UNINITIALIZED_AUTOS = YES_AGGRESSIVE;
				GCC_WARN_UNUSED_FUNCTION = YES;
				GCC_WARN_UNUSED_VARIABLE = YES;
				IPHONEOS_DEPLOYMENT_TARGET = 7.1;
				SDKROOT = iphoneos;
				VALIDATE_PRODUCT = YES;
			};
			name = Release;
		};
		1519BB92198D59650006E366 /* Debug */ = {
			isa = XCBuildConfiguration;
			buildSettings = {
				ASSETCATALOG_COMPILER_APPICON_NAME = AppIcon;
				ASSETCATALOG_COMPILER_LAUNCHIMAGE_NAME = LaunchImage;
				CODE_SIGN_IDENTITY = "";
				"CODE_SIGN_IDENTITY[sdk=iphoneos*]" = "";
				GCC_PRECOMPILE_PREFIX_HEADER = YES;
				GCC_PREFIX_HEADER = "ToDoList/ToDoList-Prefix.pch";
				INFOPLIST_FILE = "ToDoList/ToDoList-Info.plist";
				IPHONEOS_DEPLOYMENT_TARGET = 7.0;
				PRODUCT_NAME = "$(TARGET_NAME)";
				PROVISIONING_PROFILE = "";
				WRAPPER_EXTENSION = app;
			};
			name = Debug;
		};
		1519BB93198D59650006E366 /* Release */ = {
			isa = XCBuildConfiguration;
			buildSettings = {
				ASSETCATALOG_COMPILER_APPICON_NAME = AppIcon;
				ASSETCATALOG_COMPILER_LAUNCHIMAGE_NAME = LaunchImage;
				CODE_SIGN_IDENTITY = "";
				"CODE_SIGN_IDENTITY[sdk=iphoneos*]" = "";
				GCC_PRECOMPILE_PREFIX_HEADER = YES;
				GCC_PREFIX_HEADER = "ToDoList/ToDoList-Prefix.pch";
				INFOPLIST_FILE = "ToDoList/ToDoList-Info.plist";
				IPHONEOS_DEPLOYMENT_TARGET = 7.0;
				PRODUCT_NAME = "$(TARGET_NAME)";
				PROVISIONING_PROFILE = "";
				WRAPPER_EXTENSION = app;
			};
			name = Release;
		};
		1519BB95198D59650006E366 /* Debug */ = {
			isa = XCBuildConfiguration;
			buildSettings = {
				BUNDLE_LOADER = "$(BUILT_PRODUCTS_DIR)/ToDoList.app/ToDoList";
				FRAMEWORK_SEARCH_PATHS = (
					"$(SDKROOT)/Developer/Library/Frameworks",
					"$(inherited)",
					"$(DEVELOPER_FRAMEWORKS_DIR)",
				);
				GCC_PRECOMPILE_PREFIX_HEADER = YES;
				GCC_PREFIX_HEADER = "ToDoList/ToDoList-Prefix.pch";
				GCC_PREPROCESSOR_DEFINITIONS = (
					"DEBUG=1",
					"$(inherited)",
				);
				INFOPLIST_FILE = "ToDoListTests/ToDoListTests-Info.plist";
				PRODUCT_NAME = "$(TARGET_NAME)";
				TEST_HOST = "$(BUNDLE_LOADER)";
				WRAPPER_EXTENSION = xctest;
			};
			name = Debug;
		};
		1519BB96198D59650006E366 /* Release */ = {
			isa = XCBuildConfiguration;
			buildSettings = {
				BUNDLE_LOADER = "$(BUILT_PRODUCTS_DIR)/ToDoList.app/ToDoList";
				FRAMEWORK_SEARCH_PATHS = (
					"$(SDKROOT)/Developer/Library/Frameworks",
					"$(inherited)",
					"$(DEVELOPER_FRAMEWORKS_DIR)",
				);
				GCC_PRECOMPILE_PREFIX_HEADER = YES;
				GCC_PREFIX_HEADER = "ToDoList/ToDoList-Prefix.pch";
				INFOPLIST_FILE = "ToDoListTests/ToDoListTests-Info.plist";
				PRODUCT_NAME = "$(TARGET_NAME)";
				TEST_HOST = "$(BUNDLE_LOADER)";
				WRAPPER_EXTENSION = xctest;
			};
			name = Release;
		};
/* End XCBuildConfiguration section */

/* Begin XCConfigurationList section */
		1519BB60198D59650006E366 /* Build configuration list for PBXProject "ToDoList" */ = {
			isa = XCConfigurationList;
			buildConfigurations = (
				1519BB8F198D59650006E366 /* Debug */,
				1519BB90198D59650006E366 /* Release */,
			);
			defaultConfigurationIsVisible = 0;
			defaultConfigurationName = Release;
		};
		1519BB91198D59650006E366 /* Build configuration list for PBXNativeTarget "ToDoList" */ = {
			isa = XCConfigurationList;
			buildConfigurations = (
				1519BB92198D59650006E366 /* Debug */,
				1519BB93198D59650006E366 /* Release */,
			);
			defaultConfigurationIsVisible = 0;
			defaultConfigurationName = Release;
		};
		1519BB94198D59650006E366 /* Build configuration list for PBXNativeTarget "ToDoListTests" */ = {
			isa = XCConfigurationList;
			buildConfigurations = (
				1519BB95198D59650006E366 /* Debug */,
				1519BB96198D59650006E366 /* Release */,
			);
			defaultConfigurationIsVisible = 0;
			defaultConfigurationName = Release;
		};
/* End XCConfigurationList section */
	};
	rootObject = 1519BB5D198D59650006E366 /* Project object */;
}
